{
  "name": "proxigram",
  "version": "0.1.0",
  "dependencies": {
    "airbrake": {
      "version": "0.2.4",
      "from": "airbrake@0.2.4",
      "resolved": "https://registry.npmjs.org/airbrake/-/airbrake-0.2.4.tgz",
      "dependencies": {
        "request": {
          "version": "1.9.8",
          "from": "request@1.9.8"
        },
        "xmlbuilder": {
          "version": "0.1.5",
          "from": "xmlbuilder@0.1.5"
        },
        "stack-trace": {
          "version": "0.0.5",
          "from": "stack-trace@0.0.5"
        },
        "hashish": {
          "version": "0.0.4",
          "from": "hashish@0.0.4",
          "resolved": "https://registry.npmjs.org/hashish/-/hashish-0.0.4.tgz",
          "dependencies": {
            "traverse": {
              "version": "0.6.1",
              "from": "traverse@0.6.1"
            }
          }
        }
      }
    },
    "bson": {
      "version": "0.0.4",
      "from": "bson@0.0.4"
    },
    "connect": {
      "version": "1.8.7",
      "from": "connect@1.8.7",
      "dependencies": {
        "qs": {
          "version": "0.4.2",
          "from": "qs@0.4.2"
        },
        "mime": {
          "version": "1.2.5",
          "from": "mime@1.2.5"
        },
        "formidable": {
          "version": "1.0.9",
          "from": "formidable@1.0.9"
        }
      }
    },
    "connect-assets": {
      "version": "4.3.0",
      "from": "connect-assets@latest",
      "resolved": "https://registry.npmjs.org/connect-assets/-/connect-assets-4.3.0.tgz",
      "dependencies": {
        "mincer": {
          "version": "1.1.0",
          "from": "mincer@1.1.0",
          "resolved": "https://registry.npmjs.org/mincer/-/mincer-1.1.0.tgz",
          "dependencies": {
            "fs-tools": {
              "version": "0.2.11",
              "from": "fs-tools@~ 0.2.10",
              "resolved": "https://registry.npmjs.org/fs-tools/-/fs-tools-0.2.11.tgz",
              "dependencies": {
                "async": {
                  "version": "0.2.10",
                  "from": "async@~ 0.2.9"
                }
              }
            },
            "hike": {
              "version": "0.1.4",
              "from": "hike@~ 0.1.3",
              "resolved": "https://registry.npmjs.org/hike/-/hike-0.1.4.tgz"
            },
            "lodash": {
              "version": "2.4.1",
              "from": "lodash@~ 2.4.1"
            },
            "mimoza": {
              "version": "0.3.0",
              "from": "mimoza@~ 0.3.0",
              "resolved": "https://registry.npmjs.org/mimoza/-/mimoza-0.3.0.tgz"
            },
            "shellwords": {
              "version": "0.1.0",
              "from": "shellwords@~ 0.1.0",
              "resolved": "https://registry.npmjs.org/shellwords/-/shellwords-0.1.0.tgz"
            },
            "pako": {
              "version": "0.2.5",
              "from": "pako@~ 0.2.3",
              "resolved": "https://registry.npmjs.org/pako/-/pako-0.2.5.tgz"
            },
            "source-map": {
              "version": "0.1.38",
              "from": "source-map@~ 0.1.33",
              "resolved": "https://registry.npmjs.org/source-map/-/source-map-0.1.38.tgz",
              "dependencies": {
                "amdefine": {
                  "version": "0.1.0",
                  "from": "amdefine@>=0.0.4"
                }
              }
            }
          }
        },
        "argparse": {
          "version": "0.1.15",
          "from": "argparse@0.1.15",
          "resolved": "https://registry.npmjs.org/argparse/-/argparse-0.1.15.tgz",
          "dependencies": {
            "underscore": {
              "version": "1.4.4",
              "from": "underscore@~1.4.3"
            },
            "underscore.string": {
              "version": "2.3.3",
              "from": "underscore.string@~2.3.1",
              "resolved": "https://registry.npmjs.org/underscore.string/-/underscore.string-2.3.3.tgz"
            }
          }
        },
        "uglify-js": {
          "version": "2.4.13",
          "from": "uglify-js@2.4.13",
          "dependencies": {
            "async": {
              "version": "0.2.10",
              "from": "async@~0.2.6"
            },
            "source-map": {
              "version": "0.1.38",
              "from": "source-map@~0.1.33",
              "resolved": "https://registry.npmjs.org/source-map/-/source-map-0.1.38.tgz",
              "dependencies": {
                "amdefine": {
                  "version": "0.1.0",
                  "from": "amdefine@>=0.0.4"
                }
              }
            },
            "optimist": {
              "version": "0.3.7",
              "from": "optimist@~0.3.5",
              "dependencies": {
                "wordwrap": {
                  "version": "0.0.2",
                  "from": "wordwrap@~0.0.2"
                }
              }
            },
            "uglify-to-browserify": {
              "version": "1.0.2",
              "from": "uglify-to-browserify@~1.0.0"
            }
          }
        },
        "csswring": {
          "version": "0.2.1",
          "from": "csswring@0.2.1",
          "resolved": "https://registry.npmjs.org/csswring/-/csswring-0.2.1.tgz",
          "dependencies": {
            "postcss": {
              "version": "1.0.0",
              "from": "postcss@^1.0.0",
              "resolved": "https://registry.npmjs.org/postcss/-/postcss-1.0.0.tgz",
              "dependencies": {
                "source-map": {
                  "version": "0.1.38",
                  "from": "source-map@~ 0.1.33",
                  "resolved": "https://registry.npmjs.org/source-map/-/source-map-0.1.38.tgz",
                  "dependencies": {
                    "amdefine": {
                      "version": "0.1.0",
                      "from": "amdefine@>=0.0.4"
                    }
                  }
                },
                "base64-js": {
                  "version": "0.0.7",
                  "from": "base64-js@~0.0.7",
                  "resolved": "https://registry.npmjs.org/base64-js/-/base64-js-0.0.7.tgz"
                }
              }
            },
            "onecolor": {
              "version": "2.4.2",
              "from": "onecolor@^2.4.0",
              "resolved": "https://registry.npmjs.org/onecolor/-/onecolor-2.4.2.tgz"
            },
            "minimist": {
              "version": "0.2.0",
              "from": "minimist@^0.2.0",
              "resolved": "https://registry.npmjs.org/minimist/-/minimist-0.2.0.tgz"
            }
          }
        }
      }
    },
    "connect-redis": {
      "version": "1.3.0",
      "from": "connect-redis@1.3.0",
      "resolved": "https://registry.npmjs.org/connect-redis/-/connect-redis-1.3.0.tgz",
      "dependencies": {
        "redis": {
          "version": "0.7.1",
          "from": "redis@0.7.1"
        },
        "debug": {
          "version": "0.6.0",
          "from": "debug@0.6.0",
          "resolved": "https://registry.npmjs.org/debug/-/debug-0.6.0.tgz"
        }
      }
    },
    "express": {
      "version": "2.5.8",
      "from": "express@2.5.8",
      "resolved": "https://registry.npmjs.org/express/-/express-2.5.8.tgz",
      "dependencies": {
        "mime": {
          "version": "1.2.4",
          "from": "mime@1.2.4"
        },
        "qs": {
          "version": "0.4.2",
          "from": "qs@0.4.2"
        },
        "mkdirp": {
          "version": "0.3.0",
          "from": "mkdirp@0.3.0"
        }
      }
    },
    "express-messages-bootstrap": {
      "version": "0.0.8",
      "from": "express-messages-bootstrap@0.0.8",
      "resolved": "https://registry.npmjs.org/express-messages-bootstrap/-/express-messages-bootstrap-0.0.8.tgz"
    },
    "fbgraph": {
      "version": "0.2.11",
      "from": "fbgraph@latest",
      "resolved": "https://registry.npmjs.org/fbgraph/-/fbgraph-0.2.11.tgz",
      "dependencies": {
        "request": {
          "version": "2.40.0",
          "from": "request@2.40.x",
          "resolved": "https://registry.npmjs.org/request/-/request-2.40.0.tgz",
          "dependencies": {
            "qs": {
              "version": "1.0.2",
              "from": "qs@~1.0.0",
              "resolved": "https://registry.npmjs.org/qs/-/qs-1.0.2.tgz"
            },
            "json-stringify-safe": {
              "version": "5.0.0",
              "from": "json-stringify-safe@~5.0.0",
              "resolved": "https://registry.npmjs.org/json-stringify-safe/-/json-stringify-safe-5.0.0.tgz"
            },
            "mime-types": {
              "version": "1.0.2",
              "from": "mime-types@~1.0.1",
              "resolved": "https://registry.npmjs.org/mime-types/-/mime-types-1.0.2.tgz"
            },
            "forever-agent": {
              "version": "0.5.2",
              "from": "forever-agent@~0.5.0"
            },
            "node-uuid": {
              "version": "1.4.1",
              "from": "node-uuid@~1.4.0",
              "resolved": "https://registry.npmjs.org/node-uuid/-/node-uuid-1.4.1.tgz"
            },
            "tough-cookie": {
              "version": "0.12.1",
              "from": "tough-cookie@>=0.12.0",
              "dependencies": {
                "punycode": {
                  "version": "1.3.1",
                  "from": "punycode@>=0.2.0",
                  "resolved": "https://registry.npmjs.org/punycode/-/punycode-1.3.1.tgz"
                }
              }
            },
            "form-data": {
              "version": "0.1.4",
              "from": "form-data@~0.1.0",
              "resolved": "https://registry.npmjs.org/form-data/-/form-data-0.1.4.tgz",
              "dependencies": {
                "combined-stream": {
                  "version": "0.0.5",
                  "from": "combined-stream@~0.0.4",
                  "resolved": "https://registry.npmjs.org/combined-stream/-/combined-stream-0.0.5.tgz",
                  "dependencies": {
                    "delayed-stream": {
                      "version": "0.0.5",
                      "from": "delayed-stream@0.0.5",
                      "resolved": "https://registry.npmjs.org/delayed-stream/-/delayed-stream-0.0.5.tgz"
                    }
                  }
                },
                "mime": {
                  "version": "1.2.11",
                  "from": "mime@~1.2.11",
                  "resolved": "https://registry.npmjs.org/mime/-/mime-1.2.11.tgz"
                },
                "async": {
                  "version": "0.9.0",
                  "from": "async@~0.9.0"
                }
              }
            },
            "tunnel-agent": {
              "version": "0.4.0",
              "from": "tunnel-agent@~0.4.0"
            },
            "http-signature": {
              "version": "0.10.0",
              "from": "http-signature@~0.10.0",
              "dependencies": {
                "assert-plus": {
                  "version": "0.1.2",
                  "from": "assert-plus@0.1.2",
                  "resolved": "https://registry.npmjs.org/assert-plus/-/assert-plus-0.1.2.tgz"
                },
                "asn1": {
                  "version": "0.1.11",
                  "from": "asn1@0.1.11",
                  "resolved": "https://registry.npmjs.org/asn1/-/asn1-0.1.11.tgz"
                },
                "ctype": {
                  "version": "0.5.2",
                  "from": "ctype@0.5.2",
                  "resolved": "https://registry.npmjs.org/ctype/-/ctype-0.5.2.tgz"
                }
              }
            },
            "oauth-sign": {
              "version": "0.3.0",
              "from": "oauth-sign@~0.3.0"
            },
            "hawk": {
              "version": "1.1.1",
              "from": "hawk@1.1.1",
              "resolved": "https://registry.npmjs.org/hawk/-/hawk-1.1.1.tgz",
              "dependencies": {
                "hoek": {
                  "version": "0.9.1",
                  "from": "hoek@0.9.x"
                },
                "boom": {
                  "version": "0.4.2",
                  "from": "boom@0.4.x"
                },
                "cryptiles": {
                  "version": "0.2.2",
                  "from": "cryptiles@0.2.x"
                },
                "sntp": {
                  "version": "0.2.4",
                  "from": "sntp@0.2.x"
                }
              }
            },
            "aws-sign2": {
              "version": "0.5.0",
              "from": "aws-sign2@~0.5.0"
            },
            "stringstream": {
              "version": "0.0.4",
              "from": "stringstream@~0.0.4",
              "resolved": "https://registry.npmjs.org/stringstream/-/stringstream-0.0.4.tgz"
            }
          }
        },
        "qs": {
          "version": "1.2.2",
          "from": "qs@1.2.x",
          "resolved": "https://registry.npmjs.org/qs/-/qs-1.2.2.tgz"
        }
      }
    },
    "flickr": {
      "version": "0.1.0",
      "from": "flickr@git://github.com/sujal/node-flickr.git#a93383ae7e9a0fa08b56b13798d0812b3ffc3f57",
      "resolved": "git://github.com/sujal/node-flickr.git#a93383ae7e9a0fa08b56b13798d0812b3ffc3f57",
      "dependencies": {
        "oauth": {
          "version": "0.9.12",
          "from": "oauth@0.9.12"
        }
      }
    },
    "hiredis": {
      "version": "0.1.17",
      "from": "hiredis@0.1.17",
      "dependencies": {
        "bindings": {
          "version": "1.2.1",
          "from": "bindings@*"
        },
        "nan": {
          "version": "1.1.2",
          "from": "nan@~1.1.0"
        }
      }
    },
    "instagram-node-lib": {
      "version": "0.0.7",
      "from": "instagram-node-lib@0.0.7",
      "resolved": "https://registry.npmjs.org/instagram-node-lib/-/instagram-node-lib-0.0.7.tgz"
    },
    "jade": {
      "version": "0.30.0",
      "from": "https://registry.npmjs.org/jade/-/jade-0.30.0.tgz",
      "resolved": "https://registry.npmjs.org/jade/-/jade-0.30.0.tgz",
      "dependencies": {
        "commander": {
          "version": "1.1.1",
          "from": "commander@1.1.1",
          "resolved": "https://registry.npmjs.org/commander/-/commander-1.1.1.tgz",
          "dependencies": {
            "keypress": {
              "version": "0.1.0",
              "from": "keypress@0.1.0"
            }
          }
        },
        "mkdirp": {
          "version": "0.3.5",
          "from": "mkdirp@0.3.5",
          "resolved": "https://registry.npmjs.org/mkdirp/-/mkdirp-0.3.5.tgz"
        },
        "transformers": {
          "version": "2.0.1",
          "from": "https://registry.npmjs.org/transformers/-/transformers-2.0.1.tgz",
          "resolved": "https://registry.npmjs.org/transformers/-/transformers-2.0.1.tgz",
          "dependencies": {
            "promise": {
              "version": "2.0.0",
              "from": "promise@2.0.0",
              "dependencies": {
                "is-promise": {
                  "version": "1.0.1",
                  "from": "https://registry.npmjs.org/is-promise/-/is-promise-1.0.1.tgz",
                  "resolved": "https://registry.npmjs.org/is-promise/-/is-promise-1.0.1.tgz"
                }
              }
            },
            "css": {
              "version": "1.0.8",
              "from": "css@1.0.8",
              "resolved": "https://registry.npmjs.org/css/-/css-1.0.8.tgz",
              "dependencies": {
                "css-parse": {
                  "version": "1.0.4",
                  "from": "https://registry.npmjs.org/css-parse/-/css-parse-1.0.4.tgz",
                  "resolved": "https://registry.npmjs.org/css-parse/-/css-parse-1.0.4.tgz"
                },
                "css-stringify": {
                  "version": "1.0.5",
                  "from": "https://registry.npmjs.org/css-stringify/-/css-stringify-1.0.5.tgz",
                  "resolved": "https://registry.npmjs.org/css-stringify/-/css-stringify-1.0.5.tgz"
                }
              }
            },
            "uglify-js": {
              "version": "2.2.5",
              "from": "uglify-js@2.2.5",
              "dependencies": {
                "source-map": {
                  "version": "0.1.37",
                  "from": "https://registry.npmjs.org/source-map/-/source-map-0.1.37.tgz",
                  "resolved": "https://registry.npmjs.org/source-map/-/source-map-0.1.37.tgz",
                  "dependencies": {
                    "amdefine": {
                      "version": "0.1.0",
                      "from": "amdefine@0.1.0"
                    }
                  }
                },
                "optimist": {
                  "version": "0.3.7",
                  "from": "optimist@0.3.7",
                  "dependencies": {
                    "wordwrap": {
                      "version": "0.0.2",
                      "from": "wordwrap@0.0.2"
                    }
                  }
                }
              }
            }
          }
        },
        "character-parser": {
          "version": "1.0.2",
          "from": "https://registry.npmjs.org/character-parser/-/character-parser-1.0.2.tgz",
          "resolved": "https://registry.npmjs.org/character-parser/-/character-parser-1.0.2.tgz"
        },
        "monocle": {
          "version": "0.1.50",
          "from": "https://registry.npmjs.org/monocle/-/monocle-0.1.50.tgz",
          "resolved": "https://registry.npmjs.org/monocle/-/monocle-0.1.50.tgz",
          "dependencies": {
            "readdirp": {
              "version": "0.2.5",
              "from": "readdirp@0.2.5",
              "resolved": "https://registry.npmjs.org/readdirp/-/readdirp-0.2.5.tgz",
              "dependencies": {
                "minimatch": {
                  "version": "0.4.0",
                  "from": "https://registry.npmjs.org/minimatch/-/minimatch-0.4.0.tgz",
                  "resolved": "https://registry.npmjs.org/minimatch/-/minimatch-0.4.0.tgz",
                  "dependencies": {
                    "lru-cache": {
                      "version": "2.5.0",
                      "from": "lru-cache@2.5.0"
                    },
                    "sigmund": {
                      "version": "1.0.0",
                      "from": "sigmund@1.0.0"
                    }
                  }
                }
              }
            }
          }
        }
      }
    },
    "less": {
      "version": "1.4.2",
      "from": "https://registry.npmjs.org/less/-/less-1.4.2.tgz",
      "resolved": "https://registry.npmjs.org/less/-/less-1.4.2.tgz",
      "dependencies": {
        "mime": {
          "version": "1.2.11",
          "from": "https://registry.npmjs.org/mime/-/mime-1.2.11.tgz",
          "resolved": "https://registry.npmjs.org/mime/-/mime-1.2.11.tgz"
        },
        "request": {
          "version": "2.27.0",
          "from": "https://registry.npmjs.org/request/-/request-2.27.0.tgz",
          "resolved": "https://registry.npmjs.org/request/-/request-2.27.0.tgz",
          "dependencies": {
            "qs": {
              "version": "0.6.5",
              "from": "qs@0.6.5"
            },
            "json-stringify-safe": {
              "version": "5.0.0",
              "from": "https://registry.npmjs.org/json-stringify-safe/-/json-stringify-safe-5.0.0.tgz",
              "resolved": "https://registry.npmjs.org/json-stringify-safe/-/json-stringify-safe-5.0.0.tgz"
            },
            "forever-agent": {
              "version": "0.5.0",
              "from": "forever-agent@0.5.0"
            },
            "tunnel-agent": {
              "version": "0.3.0",
              "from": "tunnel-agent@0.3.0"
            },
            "http-signature": {
              "version": "0.10.0",
              "from": "http-signature@0.10.0",
              "dependencies": {
                "assert-plus": {
                  "version": "0.1.2",
                  "from": "assert-plus@0.1.2",
                  "resolved": "https://registry.npmjs.org/assert-plus/-/assert-plus-0.1.2.tgz"
                },
                "asn1": {
                  "version": "0.1.11",
                  "from": "asn1@0.1.11",
                  "resolved": "https://registry.npmjs.org/asn1/-/asn1-0.1.11.tgz"
                },
                "ctype": {
                  "version": "0.5.2",
                  "from": "ctype@0.5.2",
                  "resolved": "https://registry.npmjs.org/ctype/-/ctype-0.5.2.tgz"
                }
              }
            },
            "hawk": {
              "version": "1.0.0",
              "from": "https://registry.npmjs.org/hawk/-/hawk-1.0.0.tgz",
              "resolved": "https://registry.npmjs.org/hawk/-/hawk-1.0.0.tgz",
              "dependencies": {
                "hoek": {
                  "version": "0.9.1",
                  "from": "hoek@0.9.1"
                },
                "boom": {
                  "version": "0.4.2",
                  "from": "boom@0.4.2"
                },
                "cryptiles": {
                  "version": "0.2.2",
                  "from": "cryptiles@0.2.2"
                },
                "sntp": {
                  "version": "0.2.4",
                  "from": "sntp@0.2.4"
                }
              }
            },
            "aws-sign": {
              "version": "0.3.0",
              "from": "aws-sign@0.3.0",
              "resolved": "https://registry.npmjs.org/aws-sign/-/aws-sign-0.3.0.tgz"
            },
            "oauth-sign": {
              "version": "0.3.0",
              "from": "oauth-sign@0.3.0"
            },
            "cookie-jar": {
              "version": "0.3.0",
              "from": "cookie-jar@0.3.0"
            },
            "node-uuid": {
              "version": "1.4.1",
              "from": "https://registry.npmjs.org/node-uuid/-/node-uuid-1.4.1.tgz",
              "resolved": "https://registry.npmjs.org/node-uuid/-/node-uuid-1.4.1.tgz"
            },
            "form-data": {
              "version": "0.1.1",
              "from": "https://registry.npmjs.org/form-data/-/form-data-0.1.1.tgz",
              "resolved": "https://registry.npmjs.org/form-data/-/form-data-0.1.1.tgz",
              "dependencies": {
                "combined-stream": {
                  "version": "0.0.4",
                  "from": "combined-stream@0.0.4",
                  "dependencies": {
                    "delayed-stream": {
                      "version": "0.0.5",
                      "from": "delayed-stream@0.0.5",
                      "resolved": "https://registry.npmjs.org/delayed-stream/-/delayed-stream-0.0.5.tgz"
                    }
                  }
                },
                "async": {
                  "version": "0.2.9",
                  "from": "async@0.2.9",
                  "resolved": "https://registry.npmjs.org/async/-/async-0.2.9.tgz"
                }
              }
            }
          }
        },
        "mkdirp": {
          "version": "0.3.5",
          "from": "mkdirp@0.3.5",
          "resolved": "https://registry.npmjs.org/mkdirp/-/mkdirp-0.3.5.tgz"
        },
        "ycssmin": {
          "version": "1.0.1",
          "from": "ycssmin@1.0.1",
          "resolved": "https://registry.npmjs.org/ycssmin/-/ycssmin-1.0.1.tgz"
        }
      }
    },
    "moment": {
      "version": "1.5.1",
      "from": "moment@1.5.1",
      "resolved": "https://registry.npmjs.org/moment/-/moment-1.5.1.tgz"
    },
    "mongoose": {
      "version": "2.6.0",
      "from": "mongoose@2.6.0",
      "resolved": "https://registry.npmjs.org/mongoose/-/mongoose-2.6.0.tgz",
      "dependencies": {
        "hooks": {
          "version": "0.2.1",
          "from": "hooks@0.2.1",
          "resolved": "https://registry.npmjs.org/hooks/-/hooks-0.2.1.tgz"
        },
        "mongodb": {
          "version": "0.9.9-7"
        }
      }
    },
    "node-push-helper": {
      "version": "0.1.3",
      "from": "node-push-helper@git://github.com/sujal/node-push-helper.git#3baf908e02a1f360fd8016c0958859d64177bb49",
      "resolved": "git://github.com/sujal/node-push-helper.git#3baf908e02a1f360fd8016c0958859d64177bb49"
    },
    "passport": {
      "version": "0.2.1",
      "from": "passport@0.2.1",
      "resolved": "https://registry.npmjs.org/passport/-/passport-0.2.1.tgz",
      "dependencies": {
        "passport-strategy": {
          "version": "1.0.0",
          "from": "passport-strategy@1.x.x",
          "resolved": "https://registry.npmjs.org/passport-strategy/-/passport-strategy-1.0.0.tgz"
        },
        "pause": {
          "version": "0.0.1",
          "from": "pause@0.0.1",
          "resolved": "https://registry.npmjs.org/pause/-/pause-0.0.1.tgz"
        }
      }
    },
    "passport-facebook": {
      "version": "1.0.3",
      "from": "passport-facebook@latest",
      "resolved": "https://registry.npmjs.org/passport-facebook/-/passport-facebook-1.0.3.tgz",
      "dependencies": {
        "passport-oauth2": {
          "version": "1.1.2",
          "from": "passport-oauth2@1.x.x",
          "resolved": "https://registry.npmjs.org/passport-oauth2/-/passport-oauth2-1.1.2.tgz",
          "dependencies": {
            "passport-strategy": {
              "version": "1.0.0",
              "from": "passport-strategy@1.x.x",
              "resolved": "https://registry.npmjs.org/passport-strategy/-/passport-strategy-1.0.0.tgz"
            },
            "oauth": {
              "version": "0.9.12",
              "from": "oauth@0.9.x"
            },
            "uid2": {
              "version": "0.0.3",
              "from": "uid2@0.0.x",
              "resolved": "https://registry.npmjs.org/uid2/-/uid2-0.0.3.tgz"
            }
          }
        }
      }
    },
    "passport-flickr": {
      "version": "0.2.0",
      "from": "passport-flickr@latest",
      "resolved": "https://registry.npmjs.org/passport-flickr/-/passport-flickr-0.2.0.tgz",
      "dependencies": {
        "passport-oauth": {
          "version": "1.0.0",
          "from": "passport-oauth@>= 0.1.0",
          "resolved": "https://registry.npmjs.org/passport-oauth/-/passport-oauth-1.0.0.tgz",
          "dependencies": {
            "passport-oauth1": {
              "version": "1.0.1",
              "from": "passport-oauth1@1.x.x",
              "resolved": "https://registry.npmjs.org/passport-oauth1/-/passport-oauth1-1.0.1.tgz",
              "dependencies": {
                "passport-strategy": {
                  "version": "1.0.0",
                  "from": "passport-strategy@1.x.x",
                  "resolved": "https://registry.npmjs.org/passport-strategy/-/passport-strategy-1.0.0.tgz"
                },
                "oauth": {
                  "version": "0.9.12",
                  "from": "oauth@0.9.x"
                },
                "utils-merge": {
                  "version": "1.0.0",
                  "from": "utils-merge@1.x.x",
                  "resolved": "https://registry.npmjs.org/utils-merge/-/utils-merge-1.0.0.tgz"
                }
              }
            },
            "passport-oauth2": {
              "version": "1.1.2",
              "from": "passport-oauth2@1.x.x",
              "resolved": "https://registry.npmjs.org/passport-oauth2/-/passport-oauth2-1.1.2.tgz",
              "dependencies": {
                "passport-strategy": {
                  "version": "1.0.0",
                  "from": "passport-strategy@1.x.x",
                  "resolved": "https://registry.npmjs.org/passport-strategy/-/passport-strategy-1.0.0.tgz"
                },
                "oauth": {
                  "version": "0.9.12",
                  "from": "oauth@0.9.x"
                },
                "uid2": {
                  "version": "0.0.3",
                  "from": "uid2@0.0.x",
                  "resolved": "https://registry.npmjs.org/uid2/-/uid2-0.0.3.tgz"
                }
              }
            }
          }
        }
      }
    },
    "passport-http-bearer": {
      "version": "1.0.1",
      "from": "passport-http-bearer@latest",
      "resolved": "https://registry.npmjs.org/passport-http-bearer/-/passport-http-bearer-1.0.1.tgz",
      "dependencies": {
        "passport-strategy": {
          "version": "1.0.0",
          "from": "passport-strategy@1.x.x",
          "resolved": "https://registry.npmjs.org/passport-strategy/-/passport-strategy-1.0.0.tgz"
        }
      }
    },
    "passport-instagram": {
      "version": "0.1.2",
      "from": "passport-instagram@latest",
      "resolved": "https://registry.npmjs.org/passport-instagram/-/passport-instagram-0.1.2.tgz",
      "dependencies": {
        "pkginfo": {
          "version": "0.2.3",
          "from": "pkginfo@0.2.x"
        },
        "passport-oauth": {
          "version": "0.1.15",
          "from": "passport-oauth@0.1.x",
          "dependencies": {
            "passport": {
              "version": "0.1.18",
              "from": "passport@~0.1.1",
              "resolved": "https://registry.npmjs.org/passport/-/passport-0.1.18.tgz",
              "dependencies": {
                "pause": {
                  "version": "0.0.1",
                  "from": "pause@0.0.1",
                  "resolved": "https://registry.npmjs.org/pause/-/pause-0.0.1.tgz"
                }
              }
            },
            "oauth": {
              "version": "0.9.12",
              "from": "oauth@0.9.x"
            }
          }
        }
      }
    },
    "redis": {
      "version": "0.7.2",
      "from": "redis@0.7.2"
    },
    "underscore": {
      "version": "1.5.1",
      "from": "https://registry.npmjs.org/underscore/-/underscore-1.5.1.tgz",
      "resolved": "https://registry.npmjs.org/underscore/-/underscore-1.5.1.tgz"
    }
  }
}
